// !$*UTF8*$!
{
	archiveVersion = 1;
	classes = {
	};
	objectVersion = 50;
	objects = {

/* Begin PBXBuildFile section */
		238D6BC7235E4CEA008BF849 /* AppDelegate.swift in Sources */ = {isa = PBXBuildFile; fileRef = 238D6BC6235E4CEA008BF849 /* AppDelegate.swift */; };
		238D6BCB235E4CEA008BF849 /* ViewController.swift in Sources */ = {isa = PBXBuildFile; fileRef = 238D6BCA235E4CEA008BF849 /* ViewController.swift */; };
		238D6BCE235E4CEA008BF849 /* Main.storyboard in Resources */ = {isa = PBXBuildFile; fileRef = 238D6BCC235E4CEA008BF849 /* Main.storyboard */; };
		238D6BD1235E4CEA008BF849 /* IDAO.xcdatamodeld in Sources */ = {isa = PBXBuildFile; fileRef = 238D6BCF235E4CEA008BF849 /* IDAO.xcdatamodeld */; };
		238D6BD3235E4CEB008BF849 /* Assets.xcassets in Resources */ = {isa = PBXBuildFile; fileRef = 238D6BD2235E4CEB008BF849 /* Assets.xcassets */; };
		238D6BD6235E4CEB008BF849 /* LaunchScreen.storyboard in Resources */ = {isa = PBXBuildFile; fileRef = 238D6BD4235E4CEB008BF849 /* LaunchScreen.storyboard */; };
		238D6BE6235F43A5008BF849 /* ProfileViewController.swift in Sources */ = {isa = PBXBuildFile; fileRef = 238D6BE5235F43A5008BF849 /* ProfileViewController.swift */; };
		238D6BE8235F43B4008BF849 /* ProfileViewController.storyboard in Resources */ = {isa = PBXBuildFile; fileRef = 238D6BE7235F43B4008BF849 /* ProfileViewController.storyboard */; };
/* End PBXBuildFile section */

/* Begin PBXFileReference section */
		238D6BC3235E4CEA008BF849 /* IDAO.app */ = {isa = PBXFileReference; explicitFileType = wrapper.application; includeInIndex = 0; path = IDAO.app; sourceTree = BUILT_PRODUCTS_DIR; };
		238D6BC6235E4CEA008BF849 /* AppDelegate.swift */ = {isa = PBXFileReference; lastKnownFileType = sourcecode.swift; path = AppDelegate.swift; sourceTree = "<group>"; };
		238D6BCA235E4CEA008BF849 /* ViewController.swift */ = {isa = PBXFileReference; lastKnownFileType = sourcecode.swift; path = ViewController.swift; sourceTree = "<group>"; };
		238D6BCD235E4CEA008BF849 /* Base */ = {isa = PBXFileReference; lastKnownFileType = file.storyboard; name = Base; path = Base.lproj/Main.storyboard; sourceTree = "<group>"; };
		238D6BD0235E4CEA008BF849 /* IDAO.xcdatamodel */ = {isa = PBXFileReference; lastKnownFileType = wrapper.xcdatamodel; path = IDAO.xcdatamodel; sourceTree = "<group>"; };
		238D6BD2235E4CEB008BF849 /* Assets.xcassets */ = {isa = PBXFileReference; lastKnownFileType = folder.assetcatalog; path = Assets.xcassets; sourceTree = "<group>"; };
		238D6BD5235E4CEB008BF849 /* Base */ = {isa = PBXFileReference; lastKnownFileType = file.storyboard; name = Base; path = Base.lproj/LaunchScreen.storyboard; sourceTree = "<group>"; };
		238D6BD7235E4CEB008BF849 /* Info.plist */ = {isa = PBXFileReference; lastKnownFileType = text.plist.xml; path = Info.plist; sourceTree = "<group>"; };
		238D6BE5235F43A5008BF849 /* ProfileViewController.swift */ = {isa = PBXFileReference; lastKnownFileType = sourcecode.swift; path = ProfileViewController.swift; sourceTree = "<group>"; };
		238D6BE7235F43B4008BF849 /* ProfileViewController.storyboard */ = {isa = PBXFileReference; lastKnownFileType = file.storyboard; path = ProfileViewController.storyboard; sourceTree = "<group>"; };
/* End PBXFileReference section */

/* Begin PBXFrameworksBuildPhase section */
		238D6BC0235E4CEA008BF849 /* Frameworks */ = {
			isa = PBXFrameworksBuildPhase;
			buildActionMask = 2147483647;
			files = (
			);
			runOnlyForDeploymentPostprocessing = 0;
		};
/* End PBXFrameworksBuildPhase section */

/* Begin PBXGroup section */
		238D6BBA235E4CE9008BF849 = {
			isa = PBXGroup;
			children = (
				238D6BC5235E4CEA008BF849 /* IDAO */,
				238D6BC4235E4CEA008BF849 /* Products */,
			);
			sourceTree = "<group>";
		};
		238D6BC4235E4CEA008BF849 /* Products */ = {
			isa = PBXGroup;
			children = (
				238D6BC3235E4CEA008BF849 /* IDAO.app */,
			);
			name = Products;
			sourceTree = "<group>";
		};
		238D6BC5235E4CEA008BF849 /* IDAO */ = {
			isa = PBXGroup;
			children = (
				238D6BE4235F438C008BF849 /* ProfileViewController */,
				238D6BC6235E4CEA008BF849 /* AppDelegate.swift */,
				238D6BCA235E4CEA008BF849 /* ViewController.swift */,
				238D6BCC235E4CEA008BF849 /* Main.storyboard */,
				238D6BD2235E4CEB008BF849 /* Assets.xcassets */,
				238D6BD4235E4CEB008BF849 /* LaunchScreen.storyboard */,
				238D6BD7235E4CEB008BF849 /* Info.plist */,
				238D6BCF235E4CEA008BF849 /* IDAO.xcdatamodeld */,
			);
			path = IDAO;
			sourceTree = "<group>";
		};
		238D6BE4235F438C008BF849 /* ProfileViewController */ = {
			isa = PBXGroup;
			children = (
				238D6BE7235F43B4008BF849 /* ProfileViewController.storyboard */,
				238D6BE5235F43A5008BF849 /* ProfileViewController.swift */,
			);
			path = ProfileViewController;
			sourceTree = "<group>";
		};
/* End PBXGroup section */

/* Begin PBXNativeTarget section */
		238D6BC2235E4CEA008BF849 /* IDAO */ = {
			isa = PBXNativeTarget;
			buildConfigurationList = 238D6BDA235E4CEB008BF849 /* Build configuration list for PBXNativeTarget "IDAO" */;
			buildPhases = (
				238D6BBF235E4CEA008BF849 /* Sources */,
				238D6BC0235E4CEA008BF849 /* Frameworks */,
				238D6BC1235E4CEA008BF849 /* Resources */,
			);
			buildRules = (
			);
			dependencies = (
			);
			name = IDAO;
			productName = IDAO;
			productReference = 238D6BC3235E4CEA008BF849 /* IDAO.app */;
			productType = "com.apple.product-type.application";
		};
/* End PBXNativeTarget section */

/* Begin PBXProject section */
		238D6BBB235E4CE9008BF849 /* Project object */ = {
			isa = PBXProject;
			attributes = {
				LastSwiftUpdateCheck = 1110;
				LastUpgradeCheck = 1110;
				ORGANIZATIONNAME = "Ivan Lebedev";
				TargetAttributes = {
					238D6BC2235E4CEA008BF849 = {
						CreatedOnToolsVersion = 11.1;
					};
				};
			};
			buildConfigurationList = 238D6BBE235E4CE9008BF849 /* Build configuration list for PBXProject "IDAO" */;
			compatibilityVersion = "Xcode 9.3";
			developmentRegion = en;
			hasScannedForEncodings = 0;
			knownRegions = (
				en,
				Base,
			);
			mainGroup = 238D6BBA235E4CE9008BF849;
			productRefGroup = 238D6BC4235E4CEA008BF849 /* Products */;
			projectDirPath = "";
			projectRoot = "";
			targets = (
				238D6BC2235E4CEA008BF849 /* IDAO */,
			);
		};
/* End PBXProject section */

/* Begin PBXResourcesBuildPhase section */
		238D6BC1235E4CEA008BF849 /* Resources */ = {
			isa = PBXResourcesBuildPhase;
			buildActionMask = 2147483647;
			files = (
				238D6BD6235E4CEB008BF849 /* LaunchScreen.storyboard in Resources */,
				238D6BD3235E4CEB008BF849 /* Assets.xcassets in Resources */,
				238D6BE8235F43B4008BF849 /* ProfileViewController.storyboard in Resources */,
				238D6BCE235E4CEA008BF849 /* Main.storyboard in Resources */,
			);
			runOnlyForDeploymentPostprocessing = 0;
		};
/* End PBXResourcesBuildPhase section */

/* Begin PBXSourcesBuildPhase section */
		238D6BBF235E4CEA008BF849 /* Sources */ = {
			isa = PBXSourcesBuildPhase;
			buildActionMask = 2147483647;
			files = (
				238D6BCB235E4CEA008BF849 /* ViewController.swift in Sources */,
				238D6BC7235E4CEA008BF849 /* AppDelegate.swift in Sources */,
				238D6BE6235F43A5008BF849 /* ProfileViewController.swift in Sources */,
				238D6BD1235E4CEA008BF849 /* IDAO.xcdatamodeld in Sources */,
			);
			runOnlyForDeploymentPostprocessing = 0;
		};
/* End PBXSourcesBuildPhase section */

/* Begin PBXVariantGroup section */
		238D6BCC235E4CEA008BF849 /* Main.storyboard */ = {
			isa = PBXVariantGroup;
			children = (
				238D6BCD235E4CEA008BF849 /* Base */,
			);
			name = Main.storyboard;
			sourceTree = "<group>";
		};
		238D6BD4235E4CEB008BF849 /* LaunchScreen.storyboard */ = {
			isa = PBXVariantGroup;
			children = (
				238D6BD5235E4CEB008BF849 /* Base */,
			);
			name = LaunchScreen.storyboard;
			sourceTree = "<group>";
		};
/* End PBXVariantGroup section */

/* Begin XCBuildConfiguration section */
		238D6BD8235E4CEB008BF849 /* Debug */ = {
			isa = XCBuildConfiguration;
			buildSettings = {
				ALWAYS_SEARCH_USER_PATHS = NO;
				CLANG_ANALYZER_NONNULL = YES;
				CLANG_ANALYZER_NUMBER_OBJECT_CONVERSION = YES_AGGRESSIVE;
				CLANG_CXX_LANGUAGE_STANDARD = "gnu++14";
				CLANG_CXX_LIBRARY = "libc++";
				CLANG_ENABLE_MODULES = YES;
				CLANG_ENABLE_OBJC_ARC = YES;
				CLANG_ENABLE_OBJC_WEAK = YES;
				CLANG_WARN_BLOCK_CAPTURE_AUTORELEASING = YES;
				CLANG_WARN_BOOL_CONVERSION = YES;
				CLANG_WARN_COMMA = YES;
				CLANG_WARN_CONSTANT_CONVERSION = YES;
				CLANG_WARN_DEPRECATED_OBJC_IMPLEMENTATIONS = YES;
				CLANG_WARN_DIRECT_OBJC_ISA_USAGE = YES_ERROR;
				CLANG_WARN_DOCUMENTATION_COMMENTS = YES;
				CLANG_WARN_EMPTY_BODY = YES;
				CLANG_WARN_ENUM_CONVERSION = YES;
				CLANG_WARN_INFINITE_RECURSION = YES;
				CLANG_WARN_INT_CONVERSION = YES;
				CLANG_WARN_NON_LITERAL_NULL_CONVERSION = YES;
				CLANG_WARN_OBJC_IMPLICIT_RETAIN_SELF = YES;
				CLANG_WARN_OBJC_LITERAL_CONVERSION = YES;
				CLANG_WARN_OBJC_ROOT_CLASS = YES_ERROR;
				CLANG_WARN_RANGE_LOOP_ANALYSIS = YES;
				CLANG_WARN_STRICT_PROTOTYPES = YES;
				CLANG_WARN_SUSPICIOUS_MOVE = YES;
				CLANG_WARN_UNGUARDED_AVAILABILITY = YES_AGGRESSIVE;
				CLANG_WARN_UNREACHABLE_CODE = YES;
				CLANG_WARN__DUPLICATE_METHOD_MATCH = YES;
				COPY_PHASE_STRIP = NO;
				DEBUG_INFORMATION_FORMAT = dwarf;
				ENABLE_STRICT_OBJC_MSGSEND = YES;
				ENABLE_TESTABILITY = YES;
				GCC_C_LANGUAGE_STANDARD = gnu11;
				GCC_DYNAMIC_NO_PIC = NO;
				GCC_NO_COMMON_BLOCKS = YES;
				GCC_OPTIMIZATION_LEVEL = 0;
				GCC_PREPROCESSOR_DEFINITIONS = (
					"DEBUG=1",
					"$(inherited)",
				);
				GCC_WARN_64_TO_32_BIT_CONVERSION = YES;
				GCC_WARN_ABOUT_RETURN_TYPE = YES_ERROR;
				GCC_WARN_UNDECLARED_SELECTOR = YES;
				GCC_WARN_UNINITIALIZED_AUTOS = YES_AGGRESSIVE;
				GCC_WARN_UNUSED_FUNCTION = YES;
				GCC_WARN_UNUSED_VARIABLE = YES;
				IPHONEOS_DEPLOYMENT_TARGET = 13.1;
				MTL_ENABLE_DEBUG_INFO = INCLUDE_SOURCE;
				MTL_FAST_MATH = YES;
				ONLY_ACTIVE_ARCH = YES;
				SDKROOT = iphoneos;
				SWIFT_ACTIVE_COMPILATION_CONDITIONS = DEBUG;
				SWIFT_OPTIMIZATION_LEVEL = "-Onone";
			};
			name = Debug;
		};
		238D6BD9235E4CEB008BF849 /* Release */ = {
			isa = XCBuildConfiguration;
			buildSettings = {
				ALWAYS_SEARCH_USER_PATHS = NO;
				CLANG_ANALYZER_NONNULL = YES;
				CLANG_ANALYZER_NUMBER_OBJECT_CONVERSION = YES_AGGRESSIVE;
				CLANG_CXX_LANGUAGE_STANDARD = "gnu++14";
				CLANG_CXX_LIBRARY = "libc++";
				CLANG_ENABLE_MODULES = YES;
				CLANG_ENABLE_OBJC_ARC = YES;
				CLANG_ENABLE_OBJC_WEAK = YES;
				CLANG_WARN_BLOCK_CAPTURE_AUTORELEASING = YES;
				CLANG_WARN_BOOL_CONVERSION = YES;
				CLANG_WARN_COMMA = YES;
				CLANG_WARN_CONSTANT_CONVERSION = YES;
				CLANG_WARN_DEPRECATED_OBJC_IMPLEMENTATIONS = YES;
				CLANG_WARN_DIRECT_OBJC_ISA_USAGE = YES_ERROR;
				CLANG_WARN_DOCUMENTATION_COMMENTS = YES;
				CLANG_WARN_EMPTY_BODY = YES;
				CLANG_WARN_ENUM_CONVERSION = YES;
				CLANG_WARN_INFINITE_RECURSION = YES;
				CLANG_WARN_INT_CONVERSION = YES;
				CLANG_WARN_NON_LITERAL_NULL_CONVERSION = YES;
				CLANG_WARN_OBJC_IMPLICIT_RETAIN_SELF = YES;
				CLANG_WARN_OBJC_LITERAL_CONVERSION = YES;
				CLANG_WARN_OBJC_ROOT_CLASS = YES_ERROR;
				CLANG_WARN_RANGE_LOOP_ANALYSIS = YES;
				CLANG_WARN_STRICT_PROTOTYPES = YES;
				CLANG_WARN_SUSPICIOUS_MOVE = YES;
				CLANG_WARN_UNGUARDED_AVAILABILITY = YES_AGGRESSIVE;
				CLANG_WARN_UNREACHABLE_CODE = YES;
				CLANG_WARN__DUPLICATE_METHOD_MATCH = YES;
				COPY_PHASE_STRIP = NO;
				DEBUG_INFORMATION_FORMAT = "dwarf-with-dsym";
				ENABLE_NS_ASSERTIONS = NO;
				ENABLE_STRICT_OBJC_MSGSEND = YES;
				GCC_C_LANGUAGE_STANDARD = gnu11;
				GCC_NO_COMMON_BLOCKS = YES;
				GCC_WARN_64_TO_32_BIT_CONVERSION = YES;
				GCC_WARN_ABOUT_RETURN_TYPE = YES_ERROR;
				GCC_WARN_UNDECLARED_SELECTOR = YES;
				GCC_WARN_UNINITIALIZED_AUTOS = YES_AGGRESSIVE;
				GCC_WARN_UNUSED_FUNCTION = YES;
				GCC_WARN_UNUSED_VARIABLE = YES;
				IPHONEOS_DEPLOYMENT_TARGET = 13.1;
				MTL_ENABLE_DEBUG_INFO = NO;
				MTL_FAST_MATH = YES;
				SDKROOT = iphoneos;
				SWIFT_COMPILATION_MODE = wholemodule;
				SWIFT_OPTIMIZATION_LEVEL = "-O";
				VALIDATE_PRODUCT = YES;
			};
			name = Release;
		};
		238D6BDB235E4CEB008BF849 /* Debug */ = {
			isa = XCBuildConfiguration;
			buildSettings = {
				ASSETCATALOG_COMPILER_APPICON_NAME = AppIcon;
				CODE_SIGN_STYLE = Automatic;
				DEVELOPMENT_TEAM = 2AXUA5G5S4;
				INFOPLIST_FILE = IDAO/Info.plist;
				IPHONEOS_DEPLOYMENT_TARGET = 11.0;
				LD_RUNPATH_SEARCH_PATHS = (
					"$(inherited)",
					"@executable_path/Frameworks",
				);
				PRODUCT_BUNDLE_IDENTIFIER = com.gudleyd.IDAO;
				PRODUCT_NAME = "$(TARGET_NAME)";
				SWIFT_VERSION = 5.0;
				TARGETED_DEVICE_FAMILY = 1;
			};
			name = Debug;
		};
		238D6BDC235E4CEB008BF849 /* Release */ = {
			isa = XCBuildConfiguration;
			buildSettings = {
				ASSETCATALOG_COMPILER_APPICON_NAME = AppIcon;
				CODE_SIGN_STYLE = Automatic;
				DEVELOPMENT_TEAM = 2AXUA5G5S4;
				INFOPLIST_FILE = IDAO/Info.plist;
				IPHONEOS_DEPLOYMENT_TARGET = 11.0;
				LD_RUNPATH_SEARCH_PATHS = (
					"$(inherited)",
					"@executable_path/Frameworks",
				);
				PRODUCT_BUNDLE_IDENTIFIER = com.gudleyd.IDAO;
				PRODUCT_NAME = "$(TARGET_NAME)";
				SWIFT_VERSION = 5.0;
				TARGETED_DEVICE_FAMILY = 1;
			};
			name = Release;
		};
/* End XCBuildConfiguration section */

/* Begin XCConfigurationList section */
		238D6BBE235E4CE9008BF849 /* Build configuration list for PBXProject "IDAO" */ = {
			isa = XCConfigurationList;
			buildConfigurations = (
				238D6BD8235E4CEB008BF849 /* Debug */,
				238D6BD9235E4CEB008BF849 /* Release */,
			);
			defaultConfigurationIsVisible = 0;
			defaultConfigurationName = Release;
		};
		238D6BDA235E4CEB008BF849 /* Build configuration list for PBXNativeTarget "IDAO" */ = {
			isa = XCConfigurationList;
			buildConfigurations = (
				238D6BDB235E4CEB008BF849 /* Debug */,
				238D6BDC235E4CEB008BF849 /* Release */,
			);
			defaultConfigurationIsVisible = 0;
			defaultConfigurationName = Release;
		};
/* End XCConfigurationList section */

/* Begin XCVersionGroup section */
		238D6BCF235E4CEA008BF849 /* IDAO.xcdatamodeld */ = {
			isa = XCVersionGroup;
			children = (
				238D6BD0235E4CEA008BF849 /* IDAO.xcdatamodel */,
			);
			currentVersion = 238D6BD0235E4CEA008BF849 /* IDAO.xcdatamodel */;
			path = IDAO.xcdatamodeld;
			sourceTree = "<group>";
			versionGroupType = wrapper.xcdatamodel;
		};
/* End XCVersionGroup section */
	};
	rootObject = 238D6BBB235E4CE9008BF849 /* Project object */;
}
